// !$*UTF8*$!
{
	archiveVersion = 1;
	classes = {
	};
	objectVersion = 50;
	objects = {

/* Begin PBXBuildFile section */
		673BC4702452F606007DF604 /* HomeScreen.storyboard in Resources */ = {isa = PBXBuildFile; fileRef = 673BC46F2452F606007DF604 /* HomeScreen.storyboard */; };
		673BC4722452F848007DF604 /* HomeViewController.swift in Sources */ = {isa = PBXBuildFile; fileRef = 673BC4712452F848007DF604 /* HomeViewController.swift */; };
		673BC47524530152007DF604 /* Intercom.storyboard in Resources */ = {isa = PBXBuildFile; fileRef = 673BC47424530152007DF604 /* Intercom.storyboard */; };
		673BC477245305EF007DF604 /* IntercomViewController.swift in Sources */ = {isa = PBXBuildFile; fileRef = 673BC476245305EF007DF604 /* IntercomViewController.swift */; };
		673BC47A24530883007DF604 /* Settings.storyboard in Resources */ = {isa = PBXBuildFile; fileRef = 673BC47924530883007DF604 /* Settings.storyboard */; };
		673BC47C24530C9B007DF604 /* SettingsViewController.swift in Sources */ = {isa = PBXBuildFile; fileRef = 673BC47B24530C9B007DF604 /* SettingsViewController.swift */; };
		673BC47E24530F11007DF604 /* NavigationController.swift in Sources */ = {isa = PBXBuildFile; fileRef = 673BC47D24530F11007DF604 /* NavigationController.swift */; };
		673BC481245313D3007DF604 /* Dashboard.storyboard in Resources */ = {isa = PBXBuildFile; fileRef = 673BC480245313D3007DF604 /* Dashboard.storyboard */; };
		673BC483245316A9007DF604 /* DashboardViewController.swift in Sources */ = {isa = PBXBuildFile; fileRef = 673BC482245316A9007DF604 /* DashboardViewController.swift */; };
		67E822F1244C89CB00551167 /* TabbarItem.xib in Resources */ = {isa = PBXBuildFile; fileRef = 67E822F0244C89CB00551167 /* TabbarItem.xib */; };
		67E822F4244CA75600551167 /* ViewController.swift in Sources */ = {isa = PBXBuildFile; fileRef = 67E822F3244CA75600551167 /* ViewController.swift */; };
		67E822F6244CA77500551167 /* TabController.storyboard in Resources */ = {isa = PBXBuildFile; fileRef = 67E822F5244CA77500551167 /* TabController.storyboard */; };
		84CC31D92439AB7300DC6D18 /* AppDelegate.swift in Sources */ = {isa = PBXBuildFile; fileRef = 84CC31D82439AB7300DC6D18 /* AppDelegate.swift */; };
		84CC31DD2439AB7300DC6D18 /* TabbarController.swift in Sources */ = {isa = PBXBuildFile; fileRef = 84CC31DC2439AB7300DC6D18 /* TabbarController.swift */; };
		84CC31E02439AB7300DC6D18 /* Main.storyboard in Resources */ = {isa = PBXBuildFile; fileRef = 84CC31DE2439AB7300DC6D18 /* Main.storyboard */; };
		84CC31E22439AB7400DC6D18 /* Assets.xcassets in Resources */ = {isa = PBXBuildFile; fileRef = 84CC31E12439AB7400DC6D18 /* Assets.xcassets */; };
		84CC31F22439C15300DC6D18 /* TabbarItem.swift in Sources */ = {isa = PBXBuildFile; fileRef = 84CC31F12439C15300DC6D18 /* TabbarItem.swift */; };
/* End PBXBuildFile section */

/* Begin PBXFileReference section */
		673BC46F2452F606007DF604 /* HomeScreen.storyboard */ = {isa = PBXFileReference; lastKnownFileType = file.storyboard; path = HomeScreen.storyboard; sourceTree = "<group>"; };
		673BC4712452F848007DF604 /* HomeViewController.swift */ = {isa = PBXFileReference; lastKnownFileType = sourcecode.swift; path = HomeViewController.swift; sourceTree = "<group>"; };
		673BC47424530152007DF604 /* Intercom.storyboard */ = {isa = PBXFileReference; lastKnownFileType = file.storyboard; path = Intercom.storyboard; sourceTree = "<group>"; };
		673BC476245305EF007DF604 /* IntercomViewController.swift */ = {isa = PBXFileReference; lastKnownFileType = sourcecode.swift; path = IntercomViewController.swift; sourceTree = "<group>"; };
		673BC47924530883007DF604 /* Settings.storyboard */ = {isa = PBXFileReference; lastKnownFileType = file.storyboard; path = Settings.storyboard; sourceTree = "<group>"; };
		673BC47B24530C9B007DF604 /* SettingsViewController.swift */ = {isa = PBXFileReference; lastKnownFileType = sourcecode.swift; path = SettingsViewController.swift; sourceTree = "<group>"; };
		673BC47D24530F11007DF604 /* NavigationController.swift */ = {isa = PBXFileReference; lastKnownFileType = sourcecode.swift; path = NavigationController.swift; sourceTree = "<group>"; };
		673BC480245313D3007DF604 /* Dashboard.storyboard */ = {isa = PBXFileReference; lastKnownFileType = file.storyboard; path = Dashboard.storyboard; sourceTree = "<group>"; };
		673BC482245316A9007DF604 /* DashboardViewController.swift */ = {isa = PBXFileReference; lastKnownFileType = sourcecode.swift; path = DashboardViewController.swift; sourceTree = "<group>"; };
		67E822F0244C89CB00551167 /* TabbarItem.xib */ = {isa = PBXFileReference; lastKnownFileType = file.xib; path = TabbarItem.xib; sourceTree = "<group>"; };
		67E822F3244CA75600551167 /* ViewController.swift */ = {isa = PBXFileReference; lastKnownFileType = sourcecode.swift; path = ViewController.swift; sourceTree = "<group>"; };
		67E822F5244CA77500551167 /* TabController.storyboard */ = {isa = PBXFileReference; lastKnownFileType = file.storyboard; path = TabController.storyboard; sourceTree = "<group>"; };
		84CC31D52439AB7300DC6D18 /* MyTabbar.app */ = {isa = PBXFileReference; explicitFileType = wrapper.application; includeInIndex = 0; path = MyTabbar.app; sourceTree = BUILT_PRODUCTS_DIR; };
		84CC31D82439AB7300DC6D18 /* AppDelegate.swift */ = {isa = PBXFileReference; lastKnownFileType = sourcecode.swift; path = AppDelegate.swift; sourceTree = "<group>"; };
		84CC31DC2439AB7300DC6D18 /* TabbarController.swift */ = {isa = PBXFileReference; lastKnownFileType = sourcecode.swift; path = TabbarController.swift; sourceTree = "<group>"; };
		84CC31DF2439AB7300DC6D18 /* Base */ = {isa = PBXFileReference; lastKnownFileType = file.storyboard; name = Base; path = Base.lproj/Main.storyboard; sourceTree = "<group>"; };
		84CC31E12439AB7400DC6D18 /* Assets.xcassets */ = {isa = PBXFileReference; lastKnownFileType = folder.assetcatalog; path = Assets.xcassets; sourceTree = "<group>"; };
		84CC31E62439AB7400DC6D18 /* Info.plist */ = {isa = PBXFileReference; lastKnownFileType = text.plist.xml; path = Info.plist; sourceTree = "<group>"; };
		84CC31F12439C15300DC6D18 /* TabbarItem.swift */ = {isa = PBXFileReference; lastKnownFileType = sourcecode.swift; path = TabbarItem.swift; sourceTree = "<group>"; };
/* End PBXFileReference section */

/* Begin PBXFrameworksBuildPhase section */
		84CC31D22439AB7300DC6D18 /* Frameworks */ = {
			isa = PBXFrameworksBuildPhase;
			buildActionMask = 2147483647;
			files = (
			);
			runOnlyForDeploymentPostprocessing = 0;
		};
/* End PBXFrameworksBuildPhase section */

/* Begin PBXGroup section */
		673BC46E2452F5EE007DF604 /* HomeViewController */ = {
			isa = PBXGroup;
			children = (
				673BC46F2452F606007DF604 /* HomeScreen.storyboard */,
				673BC4712452F848007DF604 /* HomeViewController.swift */,
			);
			path = HomeViewController;
			sourceTree = "<group>";
		};
		673BC473245300FA007DF604 /* Intercom */ = {
			isa = PBXGroup;
			children = (
				673BC47424530152007DF604 /* Intercom.storyboard */,
				673BC476245305EF007DF604 /* IntercomViewController.swift */,
			);
			path = Intercom;
			sourceTree = "<group>";
		};
		673BC47824530876007DF604 /* Settings */ = {
			isa = PBXGroup;
			children = (
				673BC47924530883007DF604 /* Settings.storyboard */,
				673BC47B24530C9B007DF604 /* SettingsViewController.swift */,
			);
			path = Settings;
			sourceTree = "<group>";
		};
		673BC47F245313C4007DF604 /* Dashboard */ = {
			isa = PBXGroup;
			children = (
				673BC480245313D3007DF604 /* Dashboard.storyboard */,
				673BC482245316A9007DF604 /* DashboardViewController.swift */,
			);
			path = Dashboard;
			sourceTree = "<group>";
		};
		67E822F2244CA74300551167 /* ViewController */ = {
			isa = PBXGroup;
			children = (
				67E822F3244CA75600551167 /* ViewController.swift */,
				67E822F5244CA77500551167 /* TabController.storyboard */,
			);
			path = ViewController;
			sourceTree = "<group>";
		};
		84CC31CC2439AB7300DC6D18 = {
			isa = PBXGroup;
			children = (
				84CC31D72439AB7300DC6D18 /* MyTabbar */,
				84CC31D62439AB7300DC6D18 /* Products */,
			);
			sourceTree = "<group>";
		};
		84CC31D62439AB7300DC6D18 /* Products */ = {
			isa = PBXGroup;
			children = (
				84CC31D52439AB7300DC6D18 /* MyTabbar.app */,
			);
			name = Products;
			sourceTree = "<group>";
		};
		84CC31D72439AB7300DC6D18 /* MyTabbar */ = {
			isa = PBXGroup;
			children = (
				673BC47F245313C4007DF604 /* Dashboard */,
				673BC47824530876007DF604 /* Settings */,
				673BC473245300FA007DF604 /* Intercom */,
				673BC46E2452F5EE007DF604 /* HomeViewController */,
				67E822F2244CA74300551167 /* ViewController */,
				84CC31F02439C13C00DC6D18 /* TabbarItem */,
				84CC31D82439AB7300DC6D18 /* AppDelegate.swift */,
				84CC31DC2439AB7300DC6D18 /* TabbarController.swift */,
				673BC47D24530F11007DF604 /* NavigationController.swift */,
				84CC31DE2439AB7300DC6D18 /* Main.storyboard */,
				84CC31E12439AB7400DC6D18 /* Assets.xcassets */,
				84CC31E62439AB7400DC6D18 /* Info.plist */,
			);
			path = MyTabbar;
			sourceTree = "<group>";
		};
		84CC31F02439C13C00DC6D18 /* TabbarItem */ = {
			isa = PBXGroup;
			children = (
				84CC31F12439C15300DC6D18 /* TabbarItem.swift */,
				67E822F0244C89CB00551167 /* TabbarItem.xib */,
			);
			path = TabbarItem;
			sourceTree = "<group>";
		};
/* End PBXGroup section */

/* Begin PBXNativeTarget section */
		84CC31D42439AB7300DC6D18 /* MyTabbar */ = {
			isa = PBXNativeTarget;
			buildConfigurationList = 84CC31E92439AB7400DC6D18 /* Build configuration list for PBXNativeTarget "MyTabbar" */;
			buildPhases = (
				84CC31D12439AB7300DC6D18 /* Sources */,
				84CC31D22439AB7300DC6D18 /* Frameworks */,
				84CC31D32439AB7300DC6D18 /* Resources */,
			);
			buildRules = (
			);
			dependencies = (
			);
			name = MyTabbar;
			productName = MyTabbar;
			productReference = 84CC31D52439AB7300DC6D18 /* MyTabbar.app */;
			productType = "com.apple.product-type.application";
		};
/* End PBXNativeTarget section */

/* Begin PBXProject section */
		84CC31CD2439AB7300DC6D18 /* Project object */ = {
			isa = PBXProject;
			attributes = {
				LastSwiftUpdateCheck = 1130;
				LastUpgradeCheck = 1130;
				ORGANIZATIONNAME = Admin;
				TargetAttributes = {
					84CC31D42439AB7300DC6D18 = {
						CreatedOnToolsVersion = 11.3.1;
					};
				};
			};
			buildConfigurationList = 84CC31D02439AB7300DC6D18 /* Build configuration list for PBXProject "MyTabbar" */;
			compatibilityVersion = "Xcode 9.3";
			developmentRegion = en;
			hasScannedForEncodings = 0;
			knownRegions = (
				en,
				Base,
			);
			mainGroup = 84CC31CC2439AB7300DC6D18;
			productRefGroup = 84CC31D62439AB7300DC6D18 /* Products */;
			projectDirPath = "";
			projectRoot = "";
			targets = (
				84CC31D42439AB7300DC6D18 /* MyTabbar */,
			);
		};
/* End PBXProject section */

/* Begin PBXResourcesBuildPhase section */
		84CC31D32439AB7300DC6D18 /* Resources */ = {
			isa = PBXResourcesBuildPhase;
			buildActionMask = 2147483647;
			files = (
				673BC4702452F606007DF604 /* HomeScreen.storyboard in Resources */,
				673BC47524530152007DF604 /* Intercom.storyboard in Resources */,
				84CC31E22439AB7400DC6D18 /* Assets.xcassets in Resources */,
				673BC481245313D3007DF604 /* Dashboard.storyboard in Resources */,
				67E822F1244C89CB00551167 /* TabbarItem.xib in Resources */,
				67E822F6244CA77500551167 /* TabController.storyboard in Resources */,
				84CC31E02439AB7300DC6D18 /* Main.storyboard in Resources */,
				673BC47A24530883007DF604 /* Settings.storyboard in Resources */,
			);
			runOnlyForDeploymentPostprocessing = 0;
		};
/* End PBXResourcesBuildPhase section */

/* Begin PBXSourcesBuildPhase section */
		84CC31D12439AB7300DC6D18 /* Sources */ = {
			isa = PBXSourcesBuildPhase;
			buildActionMask = 2147483647;
			files = (
				673BC4722452F848007DF604 /* HomeViewController.swift in Sources */,
				673BC483245316A9007DF604 /* DashboardViewController.swift in Sources */,
				673BC47E24530F11007DF604 /* NavigationController.swift in Sources */,
				84CC31F22439C15300DC6D18 /* TabbarItem.swift in Sources */,
				673BC47C24530C9B007DF604 /* SettingsViewController.swift in Sources */,
				84CC31DD2439AB7300DC6D18 /* TabbarController.swift in Sources */,
				673BC477245305EF007DF604 /* IntercomViewController.swift in Sources */,
				67E822F4244CA75600551167 /* ViewController.swift in Sources */,
				84CC31D92439AB7300DC6D18 /* AppDelegate.swift in Sources */,
			);
			runOnlyForDeploymentPostprocessing = 0;
		};
/* End PBXSourcesBuildPhase section */

/* Begin PBXVariantGroup section */
		84CC31DE2439AB7300DC6D18 /* Main.storyboard */ = {
			isa = PBXVariantGroup;
			children = (
				84CC31DF2439AB7300DC6D18 /* Base */,
			);
			name = Main.storyboard;
			sourceTree = "<group>";
		};
/* End PBXVariantGroup section */

/* Begin XCBuildConfiguration section */
		84CC31E72439AB7400DC6D18 /* Debug */ = {
			isa = XCBuildConfiguration;
			buildSettings = {
				ALWAYS_SEARCH_USER_PATHS = NO;
				CLANG_ANALYZER_NONNULL = YES;
				CLANG_ANALYZER_NUMBER_OBJECT_CONVERSION = YES_AGGRESSIVE;
				CLANG_CXX_LANGUAGE_STANDARD = "gnu++14";
				CLANG_CXX_LIBRARY = "libc++";
				CLANG_ENABLE_MODULES = YES;
				CLANG_ENABLE_OBJC_ARC = YES;
				CLANG_ENABLE_OBJC_WEAK = YES;
				CLANG_WARN_BLOCK_CAPTURE_AUTORELEASING = YES;
				CLANG_WARN_BOOL_CONVERSION = YES;
				CLANG_WARN_COMMA = YES;
				CLANG_WARN_CONSTANT_CONVERSION = YES;
				CLANG_WARN_DEPRECATED_OBJC_IMPLEMENTATIONS = YES;
				CLANG_WARN_DIRECT_OBJC_ISA_USAGE = YES_ERROR;
				CLANG_WARN_DOCUMENTATION_COMMENTS = YES;
				CLANG_WARN_EMPTY_BODY = YES;
				CLANG_WARN_ENUM_CONVERSION = YES;
				CLANG_WARN_INFINITE_RECURSION = YES;
				CLANG_WARN_INT_CONVERSION = YES;
				CLANG_WARN_NON_LITERAL_NULL_CONVERSION = YES;
				CLANG_WARN_OBJC_IMPLICIT_RETAIN_SELF = YES;
				CLANG_WARN_OBJC_LITERAL_CONVERSION = YES;
				CLANG_WARN_OBJC_ROOT_CLASS = YES_ERROR;
				CLANG_WARN_RANGE_LOOP_ANALYSIS = YES;
				CLANG_WARN_STRICT_PROTOTYPES = YES;
				CLANG_WARN_SUSPICIOUS_MOVE = YES;
				CLANG_WARN_UNGUARDED_AVAILABILITY = YES_AGGRESSIVE;
				CLANG_WARN_UNREACHABLE_CODE = YES;
				CLANG_WARN__DUPLICATE_METHOD_MATCH = YES;
				COPY_PHASE_STRIP = NO;
				DEBUG_INFORMATION_FORMAT = dwarf;
				ENABLE_STRICT_OBJC_MSGSEND = YES;
				ENABLE_TESTABILITY = YES;
				GCC_C_LANGUAGE_STANDARD = gnu11;
				GCC_DYNAMIC_NO_PIC = NO;
				GCC_NO_COMMON_BLOCKS = YES;
				GCC_OPTIMIZATION_LEVEL = 0;
				GCC_PREPROCESSOR_DEFINITIONS = (
					"DEBUG=1",
					"$(inherited)",
				);
				GCC_WARN_64_TO_32_BIT_CONVERSION = YES;
				GCC_WARN_ABOUT_RETURN_TYPE = YES_ERROR;
				GCC_WARN_UNDECLARED_SELECTOR = YES;
				GCC_WARN_UNINITIALIZED_AUTOS = YES_AGGRESSIVE;
				GCC_WARN_UNUSED_FUNCTION = YES;
				GCC_WARN_UNUSED_VARIABLE = YES;
				IPHONEOS_DEPLOYMENT_TARGET = 13.2;
				MTL_ENABLE_DEBUG_INFO = INCLUDE_SOURCE;
				MTL_FAST_MATH = YES;
				ONLY_ACTIVE_ARCH = YES;
				SDKROOT = iphoneos;
				SWIFT_ACTIVE_COMPILATION_CONDITIONS = DEBUG;
				SWIFT_OPTIMIZATION_LEVEL = "-Onone";
			};
			name = Debug;
		};
		84CC31E82439AB7400DC6D18 /* Release */ = {
			isa = XCBuildConfiguration;
			buildSettings = {
				ALWAYS_SEARCH_USER_PATHS = NO;
				CLANG_ANALYZER_NONNULL = YES;
				CLANG_ANALYZER_NUMBER_OBJECT_CONVERSION = YES_AGGRESSIVE;
				CLANG_CXX_LANGUAGE_STANDARD = "gnu++14";
				CLANG_CXX_LIBRARY = "libc++";
				CLANG_ENABLE_MODULES = YES;
				CLANG_ENABLE_OBJC_ARC = YES;
				CLANG_ENABLE_OBJC_WEAK = YES;
				CLANG_WARN_BLOCK_CAPTURE_AUTORELEASING = YES;
				CLANG_WARN_BOOL_CONVERSION = YES;
				CLANG_WARN_COMMA = YES;
				CLANG_WARN_CONSTANT_CONVERSION = YES;
				CLANG_WARN_DEPRECATED_OBJC_IMPLEMENTATIONS = YES;
				CLANG_WARN_DIRECT_OBJC_ISA_USAGE = YES_ERROR;
				CLANG_WARN_DOCUMENTATION_COMMENTS = YES;
				CLANG_WARN_EMPTY_BODY = YES;
				CLANG_WARN_ENUM_CONVERSION = YES;
				CLANG_WARN_INFINITE_RECURSION = YES;
				CLANG_WARN_INT_CONVERSION = YES;
				CLANG_WARN_NON_LITERAL_NULL_CONVERSION = YES;
				CLANG_WARN_OBJC_IMPLICIT_RETAIN_SELF = YES;
				CLANG_WARN_OBJC_LITERAL_CONVERSION = YES;
				CLANG_WARN_OBJC_ROOT_CLASS = YES_ERROR;
				CLANG_WARN_RANGE_LOOP_ANALYSIS = YES;
				CLANG_WARN_STRICT_PROTOTYPES = YES;
				CLANG_WARN_SUSPICIOUS_MOVE = YES;
				CLANG_WARN_UNGUARDED_AVAILABILITY = YES_AGGRESSIVE;
				CLANG_WARN_UNREACHABLE_CODE = YES;
				CLANG_WARN__DUPLICATE_METHOD_MATCH = YES;
				COPY_PHASE_STRIP = NO;
				DEBUG_INFORMATION_FORMAT = "dwarf-with-dsym";
				ENABLE_NS_ASSERTIONS = NO;
				ENABLE_STRICT_OBJC_MSGSEND = YES;
				GCC_C_LANGUAGE_STANDARD = gnu11;
				GCC_NO_COMMON_BLOCKS = YES;
				GCC_WARN_64_TO_32_BIT_CONVERSION = YES;
				GCC_WARN_ABOUT_RETURN_TYPE = YES_ERROR;
				GCC_WARN_UNDECLARED_SELECTOR = YES;
				GCC_WARN_UNINITIALIZED_AUTOS = YES_AGGRESSIVE;
				GCC_WARN_UNUSED_FUNCTION = YES;
				GCC_WARN_UNUSED_VARIABLE = YES;
				IPHONEOS_DEPLOYMENT_TARGET = 13.2;
				MTL_ENABLE_DEBUG_INFO = NO;
				MTL_FAST_MATH = YES;
				SDKROOT = iphoneos;
				SWIFT_COMPILATION_MODE = wholemodule;
				SWIFT_OPTIMIZATION_LEVEL = "-O";
				VALIDATE_PRODUCT = YES;
			};
			name = Release;
		};
		84CC31EA2439AB7400DC6D18 /* Debug */ = {
			isa = XCBuildConfiguration;
			buildSettings = {
				ASSETCATALOG_COMPILER_APPICON_NAME = AppIcon;
				CODE_SIGN_STYLE = Automatic;
				INFOPLIST_FILE = MyTabbar/Info.plist;
				LD_RUNPATH_SEARCH_PATHS = (
					"$(inherited)",
					"@executable_path/Frameworks",
				);
				PRODUCT_BUNDLE_IDENTIFIER = Daria.MyTabbar;
				PRODUCT_NAME = "$(TARGET_NAME)";
				SWIFT_VERSION = 5.0;
				TARGETED_DEVICE_FAMILY = "1,2";
			};
			name = Debug;
		};
		84CC31EB2439AB7400DC6D18 /* Release */ = {
			isa = XCBuildConfiguration;
			buildSettings = {
				ASSETCATALOG_COMPILER_APPICON_NAME = AppIcon;
				CODE_SIGN_STYLE = Automatic;
				INFOPLIST_FILE = MyTabbar/Info.plist;
				LD_RUNPATH_SEARCH_PATHS = (
					"$(inherited)",
					"@executable_path/Frameworks",
				);
				PRODUCT_BUNDLE_IDENTIFIER = Daria.MyTabbar;
				PRODUCT_NAME = "$(TARGET_NAME)";
				SWIFT_VERSION = 5.0;
				TARGETED_DEVICE_FAMILY = "1,2";
			};
			name = Release;
		};
/* End XCBuildConfiguration section */

/* Begin XCConfigurationList section */
		84CC31D02439AB7300DC6D18 /* Build configuration list for PBXProject "MyTabbar" */ = {
			isa = XCConfigurationList;
			buildConfigurations = (
				84CC31E72439AB7400DC6D18 /* Debug */,
				84CC31E82439AB7400DC6D18 /* Release */,
			);
			defaultConfigurationIsVisible = 0;
			defaultConfigurationName = Release;
		};
		84CC31E92439AB7400DC6D18 /* Build configuration list for PBXNativeTarget "MyTabbar" */ = {
			isa = XCConfigurationList;
			buildConfigurations = (
				84CC31EA2439AB7400DC6D18 /* Debug */,
				84CC31EB2439AB7400DC6D18 /* Release */,
			);
			defaultConfigurationIsVisible = 0;
			defaultConfigurationName = Release;
		};
/* End XCConfigurationList section */
	};
	rootObject = 84CC31CD2439AB7300DC6D18 /* Project object */;
}
